// !$*UTF8*$!
{
	archiveVersion = 1;
	classes = {
	};
	objectVersion = 46;
	objects = {

/* Begin PBXBuildFile section */
		D40D05C61EC36F9C00E98AB2 /* Settings.swift in Sources */ = {isa = PBXBuildFile; fileRef = D40D05C51EC36F9C00E98AB2 /* Settings.swift */; };
		D40D05C81EC37CE800E98AB2 /* GlobalVariables.swift in Sources */ = {isa = PBXBuildFile; fileRef = D40D05C71EC37CE800E98AB2 /* GlobalVariables.swift */; };
		D40D05CA1EC3995600E98AB2 /* ding.mp3 in Resources */ = {isa = PBXBuildFile; fileRef = D40D05C91EC3995600E98AB2 /* ding.mp3 */; };
		D40D05CC1EC3995C00E98AB2 /* YouAreAPirate.mp3 in Resources */ = {isa = PBXBuildFile; fileRef = D40D05CB1EC3995C00E98AB2 /* YouAreAPirate.mp3 */; };
		D41A4B7A1EC4548A006AA17C /* complete.mp3 in Resources */ = {isa = PBXBuildFile; fileRef = D41A4B791EC4548A006AA17C /* complete.mp3 */; };
		D42B633C1EC26D350072C1C1 /* AppDelegate.swift in Sources */ = {isa = PBXBuildFile; fileRef = D42B633B1EC26D350072C1C1 /* AppDelegate.swift */; };
		D42B633E1EC26D350072C1C1 /* ViewController.swift in Sources */ = {isa = PBXBuildFile; fileRef = D42B633D1EC26D350072C1C1 /* ViewController.swift */; };
		D42B63411EC26D350072C1C1 /* Main.storyboard in Resources */ = {isa = PBXBuildFile; fileRef = D42B633F1EC26D350072C1C1 /* Main.storyboard */; };
		D42B63431EC26D350072C1C1 /* Assets.xcassets in Resources */ = {isa = PBXBuildFile; fileRef = D42B63421EC26D350072C1C1 /* Assets.xcassets */; };
		D42B63461EC26D350072C1C1 /* LaunchScreen.storyboard in Resources */ = {isa = PBXBuildFile; fileRef = D42B63441EC26D350072C1C1 /* LaunchScreen.storyboard */; };
		D42B63511EC26D350072C1C1 /* exoappTests.swift in Sources */ = {isa = PBXBuildFile; fileRef = D42B63501EC26D350072C1C1 /* exoappTests.swift */; };
		D42B635C1EC26D350072C1C1 /* exoappUITests.swift in Sources */ = {isa = PBXBuildFile; fileRef = D42B635B1EC26D350072C1C1 /* exoappUITests.swift */; };
/* End PBXBuildFile section */

/* Begin PBXContainerItemProxy section */
		D42B634D1EC26D350072C1C1 /* PBXContainerItemProxy */ = {
			isa = PBXContainerItemProxy;
			containerPortal = D42B63301EC26D350072C1C1 /* Project object */;
			proxyType = 1;
			remoteGlobalIDString = D42B63371EC26D350072C1C1;
			remoteInfo = exoapp;
		};
		D42B63581EC26D350072C1C1 /* PBXContainerItemProxy */ = {
			isa = PBXContainerItemProxy;
			containerPortal = D42B63301EC26D350072C1C1 /* Project object */;
			proxyType = 1;
			remoteGlobalIDString = D42B63371EC26D350072C1C1;
			remoteInfo = exoapp;
		};
/* End PBXContainerItemProxy section */

/* Begin PBXFileReference section */
		D40D05C51EC36F9C00E98AB2 /* Settings.swift */ = {isa = PBXFileReference; fileEncoding = 4; lastKnownFileType = sourcecode.swift; path = Settings.swift; sourceTree = "<group>"; };
		D40D05C71EC37CE800E98AB2 /* GlobalVariables.swift */ = {isa = PBXFileReference; fileEncoding = 4; lastKnownFileType = sourcecode.swift; path = GlobalVariables.swift; sourceTree = "<group>"; };
		D40D05C91EC3995600E98AB2 /* ding.mp3 */ = {isa = PBXFileReference; lastKnownFileType = audio.mp3; path = ding.mp3; sourceTree = "<group>"; };
		D40D05CB1EC3995C00E98AB2 /* YouAreAPirate.mp3 */ = {isa = PBXFileReference; lastKnownFileType = audio.mp3; path = YouAreAPirate.mp3; sourceTree = "<group>"; };
		D41A4B791EC4548A006AA17C /* complete.mp3 */ = {isa = PBXFileReference; lastKnownFileType = audio.mp3; path = complete.mp3; sourceTree = "<group>"; };
		D42B63381EC26D350072C1C1 /* exoapp.app */ = {isa = PBXFileReference; explicitFileType = wrapper.application; includeInIndex = 0; path = exoapp.app; sourceTree = BUILT_PRODUCTS_DIR; };
		D42B633B1EC26D350072C1C1 /* AppDelegate.swift */ = {isa = PBXFileReference; lastKnownFileType = sourcecode.swift; path = AppDelegate.swift; sourceTree = "<group>"; };
		D42B633D1EC26D350072C1C1 /* ViewController.swift */ = {isa = PBXFileReference; lastKnownFileType = sourcecode.swift; lineEnding = 0; path = ViewController.swift; sourceTree = "<group>"; };
		D42B63401EC26D350072C1C1 /* Base */ = {isa = PBXFileReference; lastKnownFileType = file.storyboard; name = Base; path = Base.lproj/Main.storyboard; sourceTree = "<group>"; };
		D42B63421EC26D350072C1C1 /* Assets.xcassets */ = {isa = PBXFileReference; lastKnownFileType = folder.assetcatalog; path = Assets.xcassets; sourceTree = "<group>"; };
		D42B63451EC26D350072C1C1 /* Base */ = {isa = PBXFileReference; lastKnownFileType = file.storyboard; name = Base; path = Base.lproj/LaunchScreen.storyboard; sourceTree = "<group>"; };
		D42B63471EC26D350072C1C1 /* Info.plist */ = {isa = PBXFileReference; lastKnownFileType = text.plist.xml; path = Info.plist; sourceTree = "<group>"; };
		D42B634C1EC26D350072C1C1 /* exoappTests.xctest */ = {isa = PBXFileReference; explicitFileType = wrapper.cfbundle; includeInIndex = 0; path = exoappTests.xctest; sourceTree = BUILT_PRODUCTS_DIR; };
		D42B63501EC26D350072C1C1 /* exoappTests.swift */ = {isa = PBXFileReference; lastKnownFileType = sourcecode.swift; path = exoappTests.swift; sourceTree = "<group>"; };
		D42B63521EC26D350072C1C1 /* Info.plist */ = {isa = PBXFileReference; lastKnownFileType = text.plist.xml; path = Info.plist; sourceTree = "<group>"; };
		D42B63571EC26D350072C1C1 /* exoappUITests.xctest */ = {isa = PBXFileReference; explicitFileType = wrapper.cfbundle; includeInIndex = 0; path = exoappUITests.xctest; sourceTree = BUILT_PRODUCTS_DIR; };
		D42B635B1EC26D350072C1C1 /* exoappUITests.swift */ = {isa = PBXFileReference; lastKnownFileType = sourcecode.swift; path = exoappUITests.swift; sourceTree = "<group>"; };
		D42B635D1EC26D350072C1C1 /* Info.plist */ = {isa = PBXFileReference; lastKnownFileType = text.plist.xml; path = Info.plist; sourceTree = "<group>"; };
/* End PBXFileReference section */

/* Begin PBXFrameworksBuildPhase section */
		D42B63351EC26D350072C1C1 /* Frameworks */ = {
			isa = PBXFrameworksBuildPhase;
			buildActionMask = 2147483647;
			files = (
			);
			runOnlyForDeploymentPostprocessing = 0;
		};
		D42B63491EC26D350072C1C1 /* Frameworks */ = {
			isa = PBXFrameworksBuildPhase;
			buildActionMask = 2147483647;
			files = (
			);
			runOnlyForDeploymentPostprocessing = 0;
		};
		D42B63541EC26D350072C1C1 /* Frameworks */ = {
			isa = PBXFrameworksBuildPhase;
			buildActionMask = 2147483647;
			files = (
			);
			runOnlyForDeploymentPostprocessing = 0;
		};
/* End PBXFrameworksBuildPhase section */

/* Begin PBXGroup section */
		D42B632F1EC26D350072C1C1 = {
			isa = PBXGroup;
			children = (
				D42B633A1EC26D350072C1C1 /* exoapp */,
				D42B634F1EC26D350072C1C1 /* exoappTests */,
				D42B635A1EC26D350072C1C1 /* exoappUITests */,
				D42B63391EC26D350072C1C1 /* Products */,
			);
			sourceTree = "<group>";
		};
		D42B63391EC26D350072C1C1 /* Products */ = {
			isa = PBXGroup;
			children = (
				D42B63381EC26D350072C1C1 /* exoapp.app */,
				D42B634C1EC26D350072C1C1 /* exoappTests.xctest */,
				D42B63571EC26D350072C1C1 /* exoappUITests.xctest */,
			);
			name = Products;
			sourceTree = "<group>";
		};
		D42B633A1EC26D350072C1C1 /* exoapp */ = {
			isa = PBXGroup;
			children = (
				D40D05C91EC3995600E98AB2 /* ding.mp3 */,
				D41A4B791EC4548A006AA17C /* complete.mp3 */,
				D40D05CB1EC3995C00E98AB2 /* YouAreAPirate.mp3 */,
				D42B633B1EC26D350072C1C1 /* AppDelegate.swift */,
				D42B633D1EC26D350072C1C1 /* ViewController.swift */,
				D40D05C51EC36F9C00E98AB2 /* Settings.swift */,
				D42B633F1EC26D350072C1C1 /* Main.storyboard */,
				D42B63421EC26D350072C1C1 /* Assets.xcassets */,
				D42B63441EC26D350072C1C1 /* LaunchScreen.storyboard */,
				D42B63471EC26D350072C1C1 /* Info.plist */,
				D40D05C71EC37CE800E98AB2 /* GlobalVariables.swift */,
			);
			path = exoapp;
			sourceTree = "<group>";
		};
		D42B634F1EC26D350072C1C1 /* exoappTests */ = {
			isa = PBXGroup;
			children = (
				D42B63501EC26D350072C1C1 /* exoappTests.swift */,
				D42B63521EC26D350072C1C1 /* Info.plist */,
			);
			path = exoappTests;
			sourceTree = "<group>";
		};
		D42B635A1EC26D350072C1C1 /* exoappUITests */ = {
			isa = PBXGroup;
			children = (
				D42B635B1EC26D350072C1C1 /* exoappUITests.swift */,
				D42B635D1EC26D350072C1C1 /* Info.plist */,
			);
			path = exoappUITests;
			sourceTree = "<group>";
		};
/* End PBXGroup section */

/* Begin PBXNativeTarget section */
		D42B63371EC26D350072C1C1 /* exoapp */ = {
			isa = PBXNativeTarget;
			buildConfigurationList = D42B63601EC26D350072C1C1 /* Build configuration list for PBXNativeTarget "exoapp" */;
			buildPhases = (
				D42B63341EC26D350072C1C1 /* Sources */,
				D42B63351EC26D350072C1C1 /* Frameworks */,
				D42B63361EC26D350072C1C1 /* Resources */,
			);
			buildRules = (
			);
			dependencies = (
			);
			name = exoapp;
			productName = exoapp;
			productReference = D42B63381EC26D350072C1C1 /* exoapp.app */;
			productType = "com.apple.product-type.application";
		};
		D42B634B1EC26D350072C1C1 /* exoappTests */ = {
			isa = PBXNativeTarget;
			buildConfigurationList = D42B63631EC26D350072C1C1 /* Build configuration list for PBXNativeTarget "exoappTests" */;
			buildPhases = (
				D42B63481EC26D350072C1C1 /* Sources */,
				D42B63491EC26D350072C1C1 /* Frameworks */,
				D42B634A1EC26D350072C1C1 /* Resources */,
			);
			buildRules = (
			);
			dependencies = (
				D42B634E1EC26D350072C1C1 /* PBXTargetDependency */,
			);
			name = exoappTests;
			productName = exoappTests;
			productReference = D42B634C1EC26D350072C1C1 /* exoappTests.xctest */;
			productType = "com.apple.product-type.bundle.unit-test";
		};
		D42B63561EC26D350072C1C1 /* exoappUITests */ = {
			isa = PBXNativeTarget;
			buildConfigurationList = D42B63661EC26D350072C1C1 /* Build configuration list for PBXNativeTarget "exoappUITests" */;
			buildPhases = (
				D42B63531EC26D350072C1C1 /* Sources */,
				D42B63541EC26D350072C1C1 /* Frameworks */,
				D42B63551EC26D350072C1C1 /* Resources */,
			);
			buildRules = (
			);
			dependencies = (
				D42B63591EC26D350072C1C1 /* PBXTargetDependency */,
			);
			name = exoappUITests;
			productName = exoappUITests;
			productReference = D42B63571EC26D350072C1C1 /* exoappUITests.xctest */;
			productType = "com.apple.product-type.bundle.ui-testing";
		};
/* End PBXNativeTarget section */

/* Begin PBXProject section */
		D42B63301EC26D350072C1C1 /* Project object */ = {
			isa = PBXProject;
			attributes = {
				LastSwiftUpdateCheck = 0830;
				LastUpgradeCheck = 0830;
				ORGANIZATIONNAME = "Erwan Leboucher";
				TargetAttributes = {
					D42B63371EC26D350072C1C1 = {
						CreatedOnToolsVersion = 8.3.2;
						DevelopmentTeam = PK66NJM372;
						ProvisioningStyle = Automatic;
					};
					D42B634B1EC26D350072C1C1 = {
						CreatedOnToolsVersion = 8.3.2;
						DevelopmentTeam = PK66NJM372;
						ProvisioningStyle = Automatic;
						TestTargetID = D42B63371EC26D350072C1C1;
					};
					D42B63561EC26D350072C1C1 = {
						CreatedOnToolsVersion = 8.3.2;
						DevelopmentTeam = PK66NJM372;
						ProvisioningStyle = Automatic;
						TestTargetID = D42B63371EC26D350072C1C1;
					};
				};
			};
			buildConfigurationList = D42B63331EC26D350072C1C1 /* Build configuration list for PBXProject "exoapp" */;
			compatibilityVersion = "Xcode 3.2";
			developmentRegion = English;
			hasScannedForEncodings = 0;
			knownRegions = (
				en,
				Base,
			);
			mainGroup = D42B632F1EC26D350072C1C1;
			productRefGroup = D42B63391EC26D350072C1C1 /* Products */;
			projectDirPath = "";
			projectRoot = "";
			targets = (
				D42B63371EC26D350072C1C1 /* exoapp */,
				D42B634B1EC26D350072C1C1 /* exoappTests */,
				D42B63561EC26D350072C1C1 /* exoappUITests */,
			);
		};
/* End PBXProject section */

/* Begin PBXResourcesBuildPhase section */
		D42B63361EC26D350072C1C1 /* Resources */ = {
			isa = PBXResourcesBuildPhase;
			buildActionMask = 2147483647;
			files = (
				D40D05CC1EC3995C00E98AB2 /* YouAreAPirate.mp3 in Resources */,
				D41A4B7A1EC4548A006AA17C /* complete.mp3 in Resources */,
				D40D05CA1EC3995600E98AB2 /* ding.mp3 in Resources */,
				D42B63461EC26D350072C1C1 /* LaunchScreen.storyboard in Resources */,
				D42B63431EC26D350072C1C1 /* Assets.xcassets in Resources */,
				D42B63411EC26D350072C1C1 /* Main.storyboard in Resources */,
			);
			runOnlyForDeploymentPostprocessing = 0;
		};
		D42B634A1EC26D350072C1C1 /* Resources */ = {
			isa = PBXResourcesBuildPhase;
			buildActionMask = 2147483647;
			files = (
			);
			runOnlyForDeploymentPostprocessing = 0;
		};
		D42B63551EC26D350072C1C1 /* Resources */ = {
			isa = PBXResourcesBuildPhase;
			buildActionMask = 2147483647;
			files = (
			);
			runOnlyForDeploymentPostprocessing = 0;
		};
/* End PBXResourcesBuildPhase section */

/* Begin PBXSourcesBuildPhase section */
		D42B63341EC26D350072C1C1 /* Sources */ = {
			isa = PBXSourcesBuildPhase;
			buildActionMask = 2147483647;
			files = (
				D40D05C61EC36F9C00E98AB2 /* Settings.swift in Sources */,
				D42B633E1EC26D350072C1C1 /* ViewController.swift in Sources */,
				D40D05C81EC37CE800E98AB2 /* GlobalVariables.swift in Sources */,
				D42B633C1EC26D350072C1C1 /* AppDelegate.swift in Sources */,
			);
			runOnlyForDeploymentPostprocessing = 0;
		};
		D42B63481EC26D350072C1C1 /* Sources */ = {
			isa = PBXSourcesBuildPhase;
			buildActionMask = 2147483647;
			files = (
				D42B63511EC26D350072C1C1 /* exoappTests.swift in Sources */,
			);
			runOnlyForDeploymentPostprocessing = 0;
		};
		D42B63531EC26D350072C1C1 /* Sources */ = {
			isa = PBXSourcesBuildPhase;
			buildActionMask = 2147483647;
			files = (
				D42B635C1EC26D350072C1C1 /* exoappUITests.swift in Sources */,
			);
			runOnlyForDeploymentPostprocessing = 0;
		};
/* End PBXSourcesBuildPhase section */

/* Begin PBXTargetDependency section */
		D42B634E1EC26D350072C1C1 /* PBXTargetDependency */ = {
			isa = PBXTargetDependency;
			target = D42B63371EC26D350072C1C1 /* exoapp */;
			targetProxy = D42B634D1EC26D350072C1C1 /* PBXContainerItemProxy */;
		};
		D42B63591EC26D350072C1C1 /* PBXTargetDependency */ = {
			isa = PBXTargetDependency;
			target = D42B63371EC26D350072C1C1 /* exoapp */;
			targetProxy = D42B63581EC26D350072C1C1 /* PBXContainerItemProxy */;
		};
/* End PBXTargetDependency section */

/* Begin PBXVariantGroup section */
		D42B633F1EC26D350072C1C1 /* Main.storyboard */ = {
			isa = PBXVariantGroup;
			children = (
				D42B63401EC26D350072C1C1 /* Base */,
			);
			name = Main.storyboard;
			sourceTree = "<group>";
		};
		D42B63441EC26D350072C1C1 /* LaunchScreen.storyboard */ = {
			isa = PBXVariantGroup;
			children = (
				D42B63451EC26D350072C1C1 /* Base */,
			);
			name = LaunchScreen.storyboard;
			sourceTree = "<group>";
		};
/* End PBXVariantGroup section */

/* Begin XCBuildConfiguration section */
		D42B635E1EC26D350072C1C1 /* Debug */ = {
			isa = XCBuildConfiguration;
			buildSettings = {
				ALWAYS_SEARCH_USER_PATHS = NO;
				CLANG_ANALYZER_NONNULL = YES;
				CLANG_ANALYZER_NUMBER_OBJECT_CONVERSION = YES_AGGRESSIVE;
				CLANG_CXX_LANGUAGE_STANDARD = "gnu++0x";
				CLANG_CXX_LIBRARY = "libc++";
				CLANG_ENABLE_MODULES = YES;
				CLANG_ENABLE_OBJC_ARC = YES;
				CLANG_WARN_BOOL_CONVERSION = YES;
				CLANG_WARN_CONSTANT_CONVERSION = YES;
				CLANG_WARN_DIRECT_OBJC_ISA_USAGE = YES_ERROR;
				CLANG_WARN_DOCUMENTATION_COMMENTS = YES;
				CLANG_WARN_EMPTY_BODY = YES;
				CLANG_WARN_ENUM_CONVERSION = YES;
				CLANG_WARN_INFINITE_RECURSION = YES;
				CLANG_WARN_INT_CONVERSION = YES;
				CLANG_WARN_OBJC_ROOT_CLASS = YES_ERROR;
				CLANG_WARN_SUSPICIOUS_MOVE = YES;
				CLANG_WARN_UNREACHABLE_CODE = YES;
				CLANG_WARN__DUPLICATE_METHOD_MATCH = YES;
				"CODE_SIGN_IDENTITY[sdk=iphoneos*]" = "iPhone Developer";
				COPY_PHASE_STRIP = NO;
				DEBUG_INFORMATION_FORMAT = dwarf;
				ENABLE_STRICT_OBJC_MSGSEND = YES;
				ENABLE_TESTABILITY = YES;
				GCC_C_LANGUAGE_STANDARD = gnu99;
				GCC_DYNAMIC_NO_PIC = NO;
				GCC_NO_COMMON_BLOCKS = YES;
				GCC_OPTIMIZATION_LEVEL = 0;
				GCC_PREPROCESSOR_DEFINITIONS = (
					"DEBUG=1",
					"$(inherited)",
				);
				GCC_WARN_64_TO_32_BIT_CONVERSION = YES;
				GCC_WARN_ABOUT_RETURN_TYPE = YES_ERROR;
				GCC_WARN_UNDECLARED_SELECTOR = YES;
				GCC_WARN_UNINITIALIZED_AUTOS = YES_AGGRESSIVE;
				GCC_WARN_UNUSED_FUNCTION = YES;
				GCC_WARN_UNUSED_VARIABLE = YES;
				IPHONEOS_DEPLOYMENT_TARGET = 10.3;
				MTL_ENABLE_DEBUG_INFO = YES;
				ONLY_ACTIVE_ARCH = YES;
				SDKROOT = iphoneos;
				SWIFT_ACTIVE_COMPILATION_CONDITIONS = DEBUG;
				SWIFT_OPTIMIZATION_LEVEL = "-Onone";
			};
			name = Debug;
		};
		D42B635F1EC26D350072C1C1 /* Release */ = {
			isa = XCBuildConfiguration;
			buildSettings = {
				ALWAYS_SEARCH_USER_PATHS = NO;
				CLANG_ANALYZER_NONNULL = YES;
				CLANG_ANALYZER_NUMBER_OBJECT_CONVERSION = YES_AGGRESSIVE;
				CLANG_CXX_LANGUAGE_STANDARD = "gnu++0x";
				CLANG_CXX_LIBRARY = "libc++";
				CLANG_ENABLE_MODULES = YES;
				CLANG_ENABLE_OBJC_ARC = YES;
				CLANG_WARN_BOOL_CONVERSION = YES;
				CLANG_WARN_CONSTANT_CONVERSION = YES;
				CLANG_WARN_DIRECT_OBJC_ISA_USAGE = YES_ERROR;
				CLANG_WARN_DOCUMENTATION_COMMENTS = YES;
				CLANG_WARN_EMPTY_BODY = YES;
				CLANG_WARN_ENUM_CONVERSION = YES;
				CLANG_WARN_INFINITE_RECURSION = YES;
				CLANG_WARN_INT_CONVERSION = YES;
				CLANG_WARN_OBJC_ROOT_CLASS = YES_ERROR;
				CLANG_WARN_SUSPICIOUS_MOVE = YES;
				CLANG_WARN_UNREACHABLE_CODE = YES;
				CLANG_WARN__DUPLICATE_METHOD_MATCH = YES;
				"CODE_SIGN_IDENTITY[sdk=iphoneos*]" = "iPhone Developer";
				COPY_PHASE_STRIP = NO;
				DEBUG_INFORMATION_FORMAT = "dwarf-with-dsym";
				ENABLE_NS_ASSERTIONS = NO;
				ENABLE_STRICT_OBJC_MSGSEND = YES;
				GCC_C_LANGUAGE_STANDARD = gnu99;
				GCC_NO_COMMON_BLOCKS = YES;
				GCC_WARN_64_TO_32_BIT_CONVERSION = YES;
				GCC_WARN_ABOUT_RETURN_TYPE = YES_ERROR;
				GCC_WARN_UNDECLARED_SELECTOR = YES;
				GCC_WARN_UNINITIALIZED_AUTOS = YES_AGGRESSIVE;
				GCC_WARN_UNUSED_FUNCTION = YES;
				GCC_WARN_UNUSED_VARIABLE = YES;
				IPHONEOS_DEPLOYMENT_TARGET = 10.3;
				MTL_ENABLE_DEBUG_INFO = NO;
				SDKROOT = iphoneos;
				SWIFT_OPTIMIZATION_LEVEL = "-Owholemodule";
				VALIDATE_PRODUCT = YES;
			};
			name = Release;
		};
		D42B63611EC26D350072C1C1 /* Debug */ = {
			isa = XCBuildConfiguration;
			buildSettings = {
				ASSETCATALOG_COMPILER_APPICON_NAME = AppIcon;
				DEVELOPMENT_TEAM = PK66NJM372;
				INFOPLIST_FILE = exoapp/Info.plist;
				LD_RUNPATH_SEARCH_PATHS = "$(inherited) @executable_path/Frameworks";
				PRODUCT_BUNDLE_IDENTIFIER = com.llamasweetech.dontskiplegday;
				PRODUCT_NAME = "$(TARGET_NAME)";
				SWIFT_VERSION = 3.0;
			};
			name = Debug;
		};
		D42B63621EC26D350072C1C1 /* Release */ = {
			isa = XCBuildConfiguration;
			buildSettings = {
				ASSETCATALOG_COMPILER_APPICON_NAME = AppIcon;
				DEVELOPMENT_TEAM = PK66NJM372;
				INFOPLIST_FILE = exoapp/Info.plist;
				LD_RUNPATH_SEARCH_PATHS = "$(inherited) @executable_path/Frameworks";
				PRODUCT_BUNDLE_IDENTIFIER = com.llamasweetech.dontskiplegday;
				PRODUCT_NAME = "$(TARGET_NAME)";
				SWIFT_VERSION = 3.0;
			};
			name = Release;
		};
		D42B63641EC26D350072C1C1 /* Debug */ = {
			isa = XCBuildConfiguration;
			buildSettings = {
				ALWAYS_EMBED_SWIFT_STANDARD_LIBRARIES = YES;
				BUNDLE_LOADER = "$(TEST_HOST)";
				DEVELOPMENT_TEAM = PK66NJM372;
				INFOPLIST_FILE = exoappTests/Info.plist;
				LD_RUNPATH_SEARCH_PATHS = "$(inherited) @executable_path/Frameworks @loader_path/Frameworks";
				PRODUCT_BUNDLE_IDENTIFIER = com.llamasweetech.exoappTests;
				PRODUCT_NAME = "$(TARGET_NAME)";
				SWIFT_VERSION = 3.0;
				TEST_HOST = "$(BUILT_PRODUCTS_DIR)/exoapp.app/exoapp";
			};
			name = Debug;
		};
		D42B63651EC26D350072C1C1 /* Release */ = {
			isa = XCBuildConfiguration;
			buildSettings = {
				ALWAYS_EMBED_SWIFT_STANDARD_LIBRARIES = YES;
				BUNDLE_LOADER = "$(TEST_HOST)";
				DEVELOPMENT_TEAM = PK66NJM372;
				INFOPLIST_FILE = exoappTests/Info.plist;
				LD_RUNPATH_SEARCH_PATHS = "$(inherited) @executable_path/Frameworks @loader_path/Frameworks";
				PRODUCT_BUNDLE_IDENTIFIER = com.llamasweetech.exoappTests;
				PRODUCT_NAME = "$(TARGET_NAME)";
				SWIFT_VERSION = 3.0;
				TEST_HOST = "$(BUILT_PRODUCTS_DIR)/exoapp.app/exoapp";
			};
			name = Release;
		};
		D42B63671EC26D350072C1C1 /* Debug */ = {
			isa = XCBuildConfiguration;
			buildSettings = {
				ALWAYS_EMBED_SWIFT_STANDARD_LIBRARIES = YES;
				DEVELOPMENT_TEAM = PK66NJM372;
				INFOPLIST_FILE = exoappUITests/Info.plist;
				LD_RUNPATH_SEARCH_PATHS = "$(inherited) @executable_path/Frameworks @loader_path/Frameworks";
				PRODUCT_BUNDLE_IDENTIFIER = com.llamasweetech.exoappUITests;
				PRODUCT_NAME = "$(TARGET_NAME)";
				SWIFT_VERSION = 3.0;
				TEST_TARGET_NAME = exoapp;
			};
			name = Debug;
		};
		D42B63681EC26D350072C1C1 /* Release */ = {
			isa = XCBuildConfiguration;
			buildSettings = {
				ALWAYS_EMBED_SWIFT_STANDARD_LIBRARIES = YES;
				DEVELOPMENT_TEAM = PK66NJM372;
				INFOPLIST_FILE = exoappUITests/Info.plist;
				LD_RUNPATH_SEARCH_PATHS = "$(inherited) @executable_path/Frameworks @loader_path/Frameworks";
				PRODUCT_BUNDLE_IDENTIFIER = com.llamasweetech.exoappUITests;
				PRODUCT_NAME = "$(TARGET_NAME)";
				SWIFT_VERSION = 3.0;
				TEST_TARGET_NAME = exoapp;
			};
			name = Release;
		};
/* End XCBuildConfiguration section */

/* Begin XCConfigurationList section */
		D42B63331EC26D350072C1C1 /* Build configuration list for PBXProject "exoapp" */ = {
			isa = XCConfigurationList;
			buildConfigurations = (
				D42B635E1EC26D350072C1C1 /* Debug */,
				D42B635F1EC26D350072C1C1 /* Release */,
			);
			defaultConfigurationIsVisible = 0;
			defaultConfigurationName = Release;
		};
		D42B63601EC26D350072C1C1 /* Build configuration list for PBXNativeTarget "exoapp" */ = {
			isa = XCConfigurationList;
			buildConfigurations = (
				D42B63611EC26D350072C1C1 /* Debug */,
				D42B63621EC26D350072C1C1 /* Release */,
			);
			defaultConfigurationIsVisible = 0;
			defaultConfigurationName = Release;
		};
		D42B63631EC26D350072C1C1 /* Build configuration list for PBXNativeTarget "exoappTests" */ = {
			isa = XCConfigurationList;
			buildConfigurations = (
				D42B63641EC26D350072C1C1 /* Debug */,
				D42B63651EC26D350072C1C1 /* Release */,
			);
			defaultConfigurationIsVisible = 0;
			defaultConfigurationName = Release;
		};
		D42B63661EC26D350072C1C1 /* Build configuration list for PBXNativeTarget "exoappUITests" */ = {
			isa = XCConfigurationList;
			buildConfigurations = (
				D42B63671EC26D350072C1C1 /* Debug */,
				D42B63681EC26D350072C1C1 /* Release */,
			);
			defaultConfigurationIsVisible = 0;
			defaultConfigurationName = Release;
		};
/* End XCConfigurationList section */
	};
	rootObject = D42B63301EC26D350072C1C1 /* Project object */;
}
